// !$*UTF8*$!
{
	archiveVersion = 1;
	classes = {
	};
	objectVersion = 56;
	objects = {

/* Begin PBXBuildFile section */
		5F51167F2B1527C8005D7912 /* TempConvController.swift in Sources */ = {isa = PBXBuildFile; fileRef = 5F51167E2B1527C8005D7912 /* TempConvController.swift */; };
		5F5116812B1527DB005D7912 /* TempConvView.xib in Resources */ = {isa = PBXBuildFile; fileRef = 5F5116802B1527DB005D7912 /* TempConvView.xib */; };
		5F5116842B152C82005D7912 /* SourceListItem.swift in Sources */ = {isa = PBXBuildFile; fileRef = 5F5116832B152C82005D7912 /* SourceListItem.swift */; };
		5F71A8942B13FA90008892FB /* AppDelegate.swift in Sources */ = {isa = PBXBuildFile; fileRef = 5F71A8932B13FA90008892FB /* AppDelegate.swift */; };
		5F71A8962B13FA91008892FB /* Assets.xcassets in Resources */ = {isa = PBXBuildFile; fileRef = 5F71A8952B13FA91008892FB /* Assets.xcassets */; };
		5F71A8992B13FA91008892FB /* MainMenu.xib in Resources */ = {isa = PBXBuildFile; fileRef = 5F71A8972B13FA91008892FB /* MainMenu.xib */; };
		5F71A8A12B13FF4C008892FB /* TemperatureConverter.swift in Sources */ = {isa = PBXBuildFile; fileRef = 5F71A8A02B13FF4C008892FB /* TemperatureConverter.swift */; };
		5F98F93C2B405D73008B2952 /* CounterView.xib in Resources */ = {isa = PBXBuildFile; fileRef = 5F98F93B2B405D73008B2952 /* CounterView.xib */; };
		5F98F93E2B405DD2008B2952 /* CounterController.swift in Sources */ = {isa = PBXBuildFile; fileRef = 5F98F93D2B405DD2008B2952 /* CounterController.swift */; };
/* End PBXBuildFile section */

/* Begin PBXFileReference section */
		5F51167E2B1527C8005D7912 /* TempConvController.swift */ = {isa = PBXFileReference; lastKnownFileType = sourcecode.swift; path = TempConvController.swift; sourceTree = "<group>"; };
		5F5116802B1527DB005D7912 /* TempConvView.xib */ = {isa = PBXFileReference; lastKnownFileType = file.xib; path = TempConvView.xib; sourceTree = "<group>"; };
		5F5116832B152C82005D7912 /* SourceListItem.swift */ = {isa = PBXFileReference; lastKnownFileType = sourcecode.swift; path = SourceListItem.swift; sourceTree = "<group>"; };
		5F71A8902B13FA90008892FB /* SevenGuis.AppKit.app */ = {isa = PBXFileReference; explicitFileType = wrapper.application; includeInIndex = 0; path = SevenGuis.AppKit.app; sourceTree = BUILT_PRODUCTS_DIR; };
		5F71A8932B13FA90008892FB /* AppDelegate.swift */ = {isa = PBXFileReference; lastKnownFileType = sourcecode.swift; path = AppDelegate.swift; sourceTree = "<group>"; };
		5F71A8952B13FA91008892FB /* Assets.xcassets */ = {isa = PBXFileReference; lastKnownFileType = folder.assetcatalog; path = Assets.xcassets; sourceTree = "<group>"; };
		5F71A8982B13FA91008892FB /* Base */ = {isa = PBXFileReference; lastKnownFileType = file.xib; name = Base; path = Base.lproj/MainMenu.xib; sourceTree = "<group>"; };
		5F71A89A2B13FA91008892FB /* SevenGuis_AppKit.entitlements */ = {isa = PBXFileReference; lastKnownFileType = text.plist.entitlements; path = SevenGuis_AppKit.entitlements; sourceTree = "<group>"; };
		5F71A8A02B13FF4C008892FB /* TemperatureConverter.swift */ = {isa = PBXFileReference; lastKnownFileType = sourcecode.swift; path = TemperatureConverter.swift; sourceTree = "<group>"; };
		5F98F93B2B405D73008B2952 /* CounterView.xib */ = {isa = PBXFileReference; lastKnownFileType = file.xib; path = CounterView.xib; sourceTree = "<group>"; };
		5F98F93D2B405DD2008B2952 /* CounterController.swift */ = {isa = PBXFileReference; lastKnownFileType = sourcecode.swift; path = CounterController.swift; sourceTree = "<group>"; };
/* End PBXFileReference section */

/* Begin PBXFrameworksBuildPhase section */
		5F71A88D2B13FA90008892FB /* Frameworks */ = {
			isa = PBXFrameworksBuildPhase;
			buildActionMask = 2147483647;
			files = (
			);
			runOnlyForDeploymentPostprocessing = 0;
		};
/* End PBXFrameworksBuildPhase section */

/* Begin PBXGroup section */
		5F5116822B1527E8005D7912 /* TempConv */ = {
			isa = PBXGroup;
			children = (
				5F71A8A02B13FF4C008892FB /* TemperatureConverter.swift */,
				5F51167E2B1527C8005D7912 /* TempConvController.swift */,
				5F5116802B1527DB005D7912 /* TempConvView.xib */,
			);
			path = TempConv;
			sourceTree = "<group>";
		};
		5F71A8872B13FA90008892FB = {
			isa = PBXGroup;
			children = (
				5F71A8922B13FA90008892FB /* SevenGuis.AppKit */,
				5F71A8912B13FA90008892FB /* Products */,
			);
			sourceTree = "<group>";
		};
		5F71A8912B13FA90008892FB /* Products */ = {
			isa = PBXGroup;
			children = (
				5F71A8902B13FA90008892FB /* SevenGuis.AppKit.app */,
			);
			name = Products;
			sourceTree = "<group>";
		};
		5F71A8922B13FA90008892FB /* SevenGuis.AppKit */ = {
			isa = PBXGroup;
			children = (
				5F71A8932B13FA90008892FB /* AppDelegate.swift */,
				5F71A8952B13FA91008892FB /* Assets.xcassets */,
				5F71A8972B13FA91008892FB /* MainMenu.xib */,
				5F71A89A2B13FA91008892FB /* SevenGuis_AppKit.entitlements */,
				5F98F93A2B405D5D008B2952 /* Counter */,
				5F5116822B1527E8005D7912 /* TempConv */,
				5F5116832B152C82005D7912 /* SourceListItem.swift */,
			);
			path = SevenGuis.AppKit;
			sourceTree = "<group>";
		};
		5F98F93A2B405D5D008B2952 /* Counter */ = {
			isa = PBXGroup;
			children = (
				5F98F93B2B405D73008B2952 /* CounterView.xib */,
				5F98F93D2B405DD2008B2952 /* CounterController.swift */,
			);
			path = Counter;
			sourceTree = "<group>";
		};
/* End PBXGroup section */

/* Begin PBXNativeTarget section */
		5F71A88F2B13FA90008892FB /* SevenGuis.AppKit */ = {
			isa = PBXNativeTarget;
			buildConfigurationList = 5F71A89D2B13FA91008892FB /* Build configuration list for PBXNativeTarget "SevenGuis.AppKit" */;
			buildPhases = (
				5F71A88C2B13FA90008892FB /* Sources */,
				5F71A88D2B13FA90008892FB /* Frameworks */,
				5F71A88E2B13FA90008892FB /* Resources */,
			);
			buildRules = (
			);
			dependencies = (
			);
			name = SevenGuis.AppKit;
			productName = SevenGuis.AppKit;
			productReference = 5F71A8902B13FA90008892FB /* SevenGuis.AppKit.app */;
			productType = "com.apple.product-type.application";
		};
/* End PBXNativeTarget section */

/* Begin PBXProject section */
		5F71A8882B13FA90008892FB /* Project object */ = {
			isa = PBXProject;
			attributes = {
				BuildIndependentTargetsInParallel = 1;
				LastSwiftUpdateCheck = 1510;
				LastUpgradeCheck = 1510;
				TargetAttributes = {
					5F71A88F2B13FA90008892FB = {
						CreatedOnToolsVersion = 15.1;
					};
				};
			};
			buildConfigurationList = 5F71A88B2B13FA90008892FB /* Build configuration list for PBXProject "SevenGuis.AppKit" */;
			compatibilityVersion = "Xcode 14.0";
			developmentRegion = en;
			hasScannedForEncodings = 0;
			knownRegions = (
				en,
				Base,
			);
			mainGroup = 5F71A8872B13FA90008892FB;
			productRefGroup = 5F71A8912B13FA90008892FB /* Products */;
			projectDirPath = "";
			projectRoot = "";
			targets = (
				5F71A88F2B13FA90008892FB /* SevenGuis.AppKit */,
			);
		};
/* End PBXProject section */

/* Begin PBXResourcesBuildPhase section */
		5F71A88E2B13FA90008892FB /* Resources */ = {
			isa = PBXResourcesBuildPhase;
			buildActionMask = 2147483647;
			files = (
				5F5116812B1527DB005D7912 /* TempConvView.xib in Resources */,
				5F71A8962B13FA91008892FB /* Assets.xcassets in Resources */,
				5F71A8992B13FA91008892FB /* MainMenu.xib in Resources */,
				5F98F93C2B405D73008B2952 /* CounterView.xib in Resources */,
			);
			runOnlyForDeploymentPostprocessing = 0;
		};
/* End PBXResourcesBuildPhase section */

/* Begin PBXSourcesBuildPhase section */
		5F71A88C2B13FA90008892FB /* Sources */ = {
			isa = PBXSourcesBuildPhase;
			buildActionMask = 2147483647;
			files = (
				5F71A8942B13FA90008892FB /* AppDelegate.swift in Sources */,
				5F98F93E2B405DD2008B2952 /* CounterController.swift in Sources */,
				5F51167F2B1527C8005D7912 /* TempConvController.swift in Sources */,
				5F71A8A12B13FF4C008892FB /* TemperatureConverter.swift in Sources */,
				5F5116842B152C82005D7912 /* SourceListItem.swift in Sources */,
			);
			runOnlyForDeploymentPostprocessing = 0;
		};
/* End PBXSourcesBuildPhase section */

/* Begin PBXVariantGroup section */
		5F71A8972B13FA91008892FB /* MainMenu.xib */ = {
			isa = PBXVariantGroup;
			children = (
				5F71A8982B13FA91008892FB /* Base */,
			);
			name = MainMenu.xib;
			sourceTree = "<group>";
		};
/* End PBXVariantGroup section */

/* Begin XCBuildConfiguration section */
		5F71A89B2B13FA91008892FB /* Debug */ = {
			isa = XCBuildConfiguration;
			buildSettings = {
				ALWAYS_SEARCH_USER_PATHS = NO;
				ASSETCATALOG_COMPILER_GENERATE_SWIFT_ASSET_SYMBOL_EXTENSIONS = YES;
				CLANG_ANALYZER_NONNULL = YES;
				CLANG_ANALYZER_NUMBER_OBJECT_CONVERSION = YES_AGGRESSIVE;
				CLANG_CXX_LANGUAGE_STANDARD = "gnu++20";
				CLANG_ENABLE_MODULES = YES;
				CLANG_ENABLE_OBJC_ARC = YES;
				CLANG_ENABLE_OBJC_WEAK = YES;
				CLANG_WARN_BLOCK_CAPTURE_AUTORELEASING = YES;
				CLANG_WARN_BOOL_CONVERSION = YES;
				CLANG_WARN_COMMA = YES;
				CLANG_WARN_CONSTANT_CONVERSION = YES;
				CLANG_WARN_DEPRECATED_OBJC_IMPLEMENTATIONS = YES;
				CLANG_WARN_DIRECT_OBJC_ISA_USAGE = YES_ERROR;
				CLANG_WARN_DOCUMENTATION_COMMENTS = YES;
				CLANG_WARN_EMPTY_BODY = YES;
				CLANG_WARN_ENUM_CONVERSION = YES;
				CLANG_WARN_INFINITE_RECURSION = YES;
				CLANG_WARN_INT_CONVERSION = YES;
				CLANG_WARN_NON_LITERAL_NULL_CONVERSION = YES;
				CLANG_WARN_OBJC_IMPLICIT_RETAIN_SELF = YES;
				CLANG_WARN_OBJC_LITERAL_CONVERSION = YES;
				CLANG_WARN_OBJC_ROOT_CLASS = YES_ERROR;
				CLANG_WARN_QUOTED_INCLUDE_IN_FRAMEWORK_HEADER = YES;
				CLANG_WARN_RANGE_LOOP_ANALYSIS = YES;
				CLANG_WARN_STRICT_PROTOTYPES = YES;
				CLANG_WARN_SUSPICIOUS_MOVE = YES;
				CLANG_WARN_UNGUARDED_AVAILABILITY = YES_AGGRESSIVE;
				CLANG_WARN_UNREACHABLE_CODE = YES;
				CLANG_WARN__DUPLICATE_METHOD_MATCH = YES;
				COPY_PHASE_STRIP = NO;
				DEBUG_INFORMATION_FORMAT = dwarf;
				ENABLE_STRICT_OBJC_MSGSEND = YES;
				ENABLE_TESTABILITY = YES;
				ENABLE_USER_SCRIPT_SANDBOXING = YES;
				GCC_C_LANGUAGE_STANDARD = gnu17;
				GCC_DYNAMIC_NO_PIC = NO;
				GCC_NO_COMMON_BLOCKS = YES;
				GCC_OPTIMIZATION_LEVEL = 0;
				GCC_PREPROCESSOR_DEFINITIONS = (
					"DEBUG=1",
					"$(inherited)",
				);
				GCC_WARN_64_TO_32_BIT_CONVERSION = YES;
				GCC_WARN_ABOUT_RETURN_TYPE = YES_ERROR;
				GCC_WARN_UNDECLARED_SELECTOR = YES;
				GCC_WARN_UNINITIALIZED_AUTOS = YES_AGGRESSIVE;
				GCC_WARN_UNUSED_FUNCTION = YES;
				GCC_WARN_UNUSED_VARIABLE = YES;
				LOCALIZATION_PREFERS_STRING_CATALOGS = YES;
				MACOSX_DEPLOYMENT_TARGET = 14.0;
				MTL_ENABLE_DEBUG_INFO = INCLUDE_SOURCE;
				MTL_FAST_MATH = YES;
				ONLY_ACTIVE_ARCH = YES;
				SDKROOT = macosx;
				SWIFT_ACTIVE_COMPILATION_CONDITIONS = "DEBUG $(inherited)";
				SWIFT_OPTIMIZATION_LEVEL = "-Onone";
			};
			name = Debug;
		};
		5F71A89C2B13FA91008892FB /* Release */ = {
			isa = XCBuildConfiguration;
			buildSettings = {
				ALWAYS_SEARCH_USER_PATHS = NO;
				ASSETCATALOG_COMPILER_GENERATE_SWIFT_ASSET_SYMBOL_EXTENSIONS = YES;
				CLANG_ANALYZER_NONNULL = YES;
				CLANG_ANALYZER_NUMBER_OBJECT_CONVERSION = YES_AGGRESSIVE;
				CLANG_CXX_LANGUAGE_STANDARD = "gnu++20";
				CLANG_ENABLE_MODULES = YES;
				CLANG_ENABLE_OBJC_ARC = YES;
				CLANG_ENABLE_OBJC_WEAK = YES;
				CLANG_WARN_BLOCK_CAPTURE_AUTORELEASING = YES;
				CLANG_WARN_BOOL_CONVERSION = YES;
				CLANG_WARN_COMMA = YES;
				CLANG_WARN_CONSTANT_CONVERSION = YES;
				CLANG_WARN_DEPRECATED_OBJC_IMPLEMENTATIONS = YES;
				CLANG_WARN_DIRECT_OBJC_ISA_USAGE = YES_ERROR;
				CLANG_WARN_DOCUMENTATION_COMMENTS = YES;
				CLANG_WARN_EMPTY_BODY = YES;
				CLANG_WARN_ENUM_CONVERSION = YES;
				CLANG_WARN_INFINITE_RECURSION = YES;
				CLANG_WARN_INT_CONVERSION = YES;
				CLANG_WARN_NON_LITERAL_NULL_CONVERSION = YES;
				CLANG_WARN_OBJC_IMPLICIT_RETAIN_SELF = YES;
				CLANG_WARN_OBJC_LITERAL_CONVERSION = YES;
				CLANG_WARN_OBJC_ROOT_CLASS = YES_ERROR;
				CLANG_WARN_QUOTED_INCLUDE_IN_FRAMEWORK_HEADER = YES;
				CLANG_WARN_RANGE_LOOP_ANALYSIS = YES;
				CLANG_WARN_STRICT_PROTOTYPES = YES;
				CLANG_WARN_SUSPICIOUS_MOVE = YES;
				CLANG_WARN_UNGUARDED_AVAILABILITY = YES_AGGRESSIVE;
				CLANG_WARN_UNREACHABLE_CODE = YES;
				CLANG_WARN__DUPLICATE_METHOD_MATCH = YES;
				COPY_PHASE_STRIP = NO;
				DEBUG_INFORMATION_FORMAT = "dwarf-with-dsym";
				ENABLE_NS_ASSERTIONS = NO;
				ENABLE_STRICT_OBJC_MSGSEND = YES;
				ENABLE_USER_SCRIPT_SANDBOXING = YES;
				GCC_C_LANGUAGE_STANDARD = gnu17;
				GCC_NO_COMMON_BLOCKS = YES;
				GCC_WARN_64_TO_32_BIT_CONVERSION = YES;
				GCC_WARN_ABOUT_RETURN_TYPE = YES_ERROR;
				GCC_WARN_UNDECLARED_SELECTOR = YES;
				GCC_WARN_UNINITIALIZED_AUTOS = YES_AGGRESSIVE;
				GCC_WARN_UNUSED_FUNCTION = YES;
				GCC_WARN_UNUSED_VARIABLE = YES;
				LOCALIZATION_PREFERS_STRING_CATALOGS = YES;
				MACOSX_DEPLOYMENT_TARGET = 14.0;
				MTL_ENABLE_DEBUG_INFO = NO;
				MTL_FAST_MATH = YES;
				SDKROOT = macosx;
				SWIFT_COMPILATION_MODE = wholemodule;
			};
			name = Release;
		};
		5F71A89E2B13FA91008892FB /* Debug */ = {
			isa = XCBuildConfiguration;
			buildSettings = {
				ASSETCATALOG_COMPILER_APPICON_NAME = AppIcon;
				ASSETCATALOG_COMPILER_GLOBAL_ACCENT_COLOR_NAME = AccentColor;
				CODE_SIGN_ENTITLEMENTS = SevenGuis.AppKit/SevenGuis_AppKit.entitlements;
				CODE_SIGN_STYLE = Automatic;
				COMBINE_HIDPI_IMAGES = YES;
				CURRENT_PROJECT_VERSION = 1;
				DEVELOPMENT_TEAM = JCPU77PBZS;
				ENABLE_HARDENED_RUNTIME = YES;
				GENERATE_INFOPLIST_FILE = YES;
				INFOPLIST_KEY_NSHumanReadableCopyright = "";
				INFOPLIST_KEY_NSMainNibFile = MainMenu;
				INFOPLIST_KEY_NSPrincipalClass = NSApplication;
				LD_RUNPATH_SEARCH_PATHS = (
					"$(inherited)",
					"@executable_path/../Frameworks",
				);
				MARKETING_VERSION = 1.0;
				PRODUCT_BUNDLE_IDENTIFIER = "me.chucker.SevenGuis-AppKit";
				PRODUCT_NAME = "$(TARGET_NAME)";
				SWIFT_EMIT_LOC_STRINGS = YES;
				SWIFT_VERSION = 5.0;
			};
			name = Debug;
		};
		5F71A89F2B13FA91008892FB /* Release */ = {
			isa = XCBuildConfiguration;
			buildSettings = {
				ASSETCATALOG_COMPILER_APPICON_NAME = AppIcon;
				ASSETCATALOG_COMPILER_GLOBAL_ACCENT_COLOR_NAME = AccentColor;
				CODE_SIGN_ENTITLEMENTS = SevenGuis.AppKit/SevenGuis_AppKit.entitlements;
				CODE_SIGN_STYLE = Automatic;
				COMBINE_HIDPI_IMAGES = YES;
				CURRENT_PROJECT_VERSION = 1;
				DEVELOPMENT_TEAM = JCPU77PBZS;
				ENABLE_HARDENED_RUNTIME = YES;
				GENERATE_INFOPLIST_FILE = YES;
				INFOPLIST_KEY_NSHumanReadableCopyright = "";
				INFOPLIST_KEY_NSMainNibFile = MainMenu;
				INFOPLIST_KEY_NSPrincipalClass = NSApplication;
				LD_RUNPATH_SEARCH_PATHS = (
					"$(inherited)",
					"@executable_path/../Frameworks",
				);
				MARKETING_VERSION = 1.0;
				PRODUCT_BUNDLE_IDENTIFIER = "me.chucker.SevenGuis-AppKit";
				PRODUCT_NAME = "$(TARGET_NAME)";
				SWIFT_EMIT_LOC_STRINGS = YES;
				SWIFT_VERSION = 5.0;
			};
			name = Release;
		};
/* End XCBuildConfiguration section */

/* Begin XCConfigurationList section */
		5F71A88B2B13FA90008892FB /* Build configuration list for PBXProject "SevenGuis.AppKit" */ = {
			isa = XCConfigurationList;
			buildConfigurations = (
				5F71A89B2B13FA91008892FB /* Debug */,
				5F71A89C2B13FA91008892FB /* Release */,
			);
			defaultConfigurationIsVisible = 0;
			defaultConfigurationName = Release;
		};
		5F71A89D2B13FA91008892FB /* Build configuration list for PBXNativeTarget "SevenGuis.AppKit" */ = {
			isa = XCConfigurationList;
			buildConfigurations = (
				5F71A89E2B13FA91008892FB /* Debug */,
				5F71A89F2B13FA91008892FB /* Release */,
			);
			defaultConfigurationIsVisible = 0;
			defaultConfigurationName = Release;
		};
/* End XCConfigurationList section */
	};
	rootObject = 5F71A8882B13FA90008892FB /* Project object */;
}
