
Microsoft Visual Studio Solution File, Format Version 12.00
# Visual Studio Version 16
VisualStudioVersion = 25.0.1704.0
MinimumVisualStudioVersion = 10.0.40219.1
Project("{FAE04EC0-301F-11D3-BF4B-00C04F79EFBC}") = "SevenGuis.BlazorWasm", "SevenGuis.BlazorWasm\SevenGuis.BlazorWasm.csproj", "{EC16C572-92C1-486D-A090-CDF24C415490}"
EndProject
Global
	GlobalSection(SolutionConfigurationPlatforms) = preSolution
		Debug|Any CPU = Debug|Any CPU
		Release|Any CPU = Release|Any CPU
	EndGlobalSection
	GlobalSection(ProjectConfigurationPlatforms) = postSolution
		{EC16C572-92C1-486D-A090-CDF24C415490}.Debug|Any CPU.ActiveCfg = Debug|Any CPU
		{EC16C572-92C1-486D-A090-CDF24C415490}.Debug|Any CPU.Build.0 = Debug|Any CPU
		{EC16C572-92C1-486D-A090-CDF24C415490}.Release|Any CPU.ActiveCfg = Release|Any CPU
		{EC16C572-92C1-486D-A090-CDF24C415490}.Release|Any CPU.Build.0 = Release|Any CPU
	EndGlobalSection
	GlobalSection(SolutionProperties) = preSolution
		HideSolutionNode = FALSE
	EndGlobalSection
	GlobalSection(ExtensibilityGlobals) = postSolution
		SolutionGuid = {05BA2E76-4564-4A4D-BB4F-DCDFF940F8A8}
	EndGlobalSection
EndGlobal
