// !$*UTF8*$!
{
	archiveVersion = 1;
	classes = {
	};
	objectVersion = 55;
	objects = {

/* Begin PBXBuildFile section */
		5F718D6F28B806BB00CA427B /* CounterView.swift in Sources */ = {isa = PBXBuildFile; fileRef = 5F718D6E28B806BB00CA427B /* CounterView.swift */; };
		5F718D7128B807CB00CA427B /* TemperatureConverterView.swift in Sources */ = {isa = PBXBuildFile; fileRef = 5F718D7028B807CB00CA427B /* TemperatureConverterView.swift */; };
		5F74FE1928A962A300F10ED7 /* SevenGuis_SwiftUIApp.swift in Sources */ = {isa = PBXBuildFile; fileRef = 5F74FE1828A962A300F10ED7 /* SevenGuis_SwiftUIApp.swift */; };
		5F74FE1B28A962A300F10ED7 /* ContentView.swift in Sources */ = {isa = PBXBuildFile; fileRef = 5F74FE1A28A962A300F10ED7 /* ContentView.swift */; };
		5F74FE1D28A962A400F10ED7 /* Assets.xcassets in Resources */ = {isa = PBXBuildFile; fileRef = 5F74FE1C28A962A400F10ED7 /* Assets.xcassets */; };
		5F74FE2028A962A400F10ED7 /* Preview Assets.xcassets in Resources */ = {isa = PBXBuildFile; fileRef = 5F74FE1F28A962A400F10ED7 /* Preview Assets.xcassets */; };
/* End PBXBuildFile section */

/* Begin PBXFileReference section */
		5F718D6E28B806BB00CA427B /* CounterView.swift */ = {isa = PBXFileReference; lastKnownFileType = sourcecode.swift; path = CounterView.swift; sourceTree = "<group>"; };
		5F718D7028B807CB00CA427B /* TemperatureConverterView.swift */ = {isa = PBXFileReference; lastKnownFileType = sourcecode.swift; path = TemperatureConverterView.swift; sourceTree = "<group>"; };
		5F74FE1528A962A300F10ED7 /* SevenGuis.SwiftUI.app */ = {isa = PBXFileReference; explicitFileType = wrapper.application; includeInIndex = 0; path = SevenGuis.SwiftUI.app; sourceTree = BUILT_PRODUCTS_DIR; };
		5F74FE1828A962A300F10ED7 /* SevenGuis_SwiftUIApp.swift */ = {isa = PBXFileReference; lastKnownFileType = sourcecode.swift; path = SevenGuis_SwiftUIApp.swift; sourceTree = "<group>"; };
		5F74FE1A28A962A300F10ED7 /* ContentView.swift */ = {isa = PBXFileReference; lastKnownFileType = sourcecode.swift; path = ContentView.swift; sourceTree = "<group>"; };
		5F74FE1C28A962A400F10ED7 /* Assets.xcassets */ = {isa = PBXFileReference; lastKnownFileType = folder.assetcatalog; path = Assets.xcassets; sourceTree = "<group>"; };
		5F74FE1F28A962A400F10ED7 /* Preview Assets.xcassets */ = {isa = PBXFileReference; lastKnownFileType = folder.assetcatalog; path = "Preview Assets.xcassets"; sourceTree = "<group>"; };
		5F74FE2128A962A400F10ED7 /* SevenGuis_SwiftUI.entitlements */ = {isa = PBXFileReference; lastKnownFileType = text.plist.entitlements; path = SevenGuis_SwiftUI.entitlements; sourceTree = "<group>"; };
/* End PBXFileReference section */

/* Begin PBXFrameworksBuildPhase section */
		5F74FE1228A962A300F10ED7 /* Frameworks */ = {
			isa = PBXFrameworksBuildPhase;
			buildActionMask = 2147483647;
			files = (
			);
			runOnlyForDeploymentPostprocessing = 0;
		};
/* End PBXFrameworksBuildPhase section */

/* Begin PBXGroup section */
		5F74FE0C28A962A300F10ED7 = {
			isa = PBXGroup;
			children = (
				5F74FE1728A962A300F10ED7 /* SevenGuis.SwiftUI */,
				5F74FE1628A962A300F10ED7 /* Products */,
			);
			sourceTree = "<group>";
		};
		5F74FE1628A962A300F10ED7 /* Products */ = {
			isa = PBXGroup;
			children = (
				5F74FE1528A962A300F10ED7 /* SevenGuis.SwiftUI.app */,
			);
			name = Products;
			sourceTree = "<group>";
		};
		5F74FE1728A962A300F10ED7 /* SevenGuis.SwiftUI */ = {
			isa = PBXGroup;
			children = (
				5F74FE1C28A962A400F10ED7 /* Assets.xcassets */,
				5F74FE1A28A962A300F10ED7 /* ContentView.swift */,
				5F718D6E28B806BB00CA427B /* CounterView.swift */,
				5F74FE1E28A962A400F10ED7 /* Preview Content */,
				5F74FE2128A962A400F10ED7 /* SevenGuis_SwiftUI.entitlements */,
				5F74FE1828A962A300F10ED7 /* SevenGuis_SwiftUIApp.swift */,
				5F718D7028B807CB00CA427B /* TemperatureConverterView.swift */,
			);
			path = SevenGuis.SwiftUI;
			sourceTree = "<group>";
		};
		5F74FE1E28A962A400F10ED7 /* Preview Content */ = {
			isa = PBXGroup;
			children = (
				5F74FE1F28A962A400F10ED7 /* Preview Assets.xcassets */,
			);
			path = "Preview Content";
			sourceTree = "<group>";
		};
/* End PBXGroup section */

/* Begin PBXNativeTarget section */
		5F74FE1428A962A300F10ED7 /* SevenGuis.SwiftUI */ = {
			isa = PBXNativeTarget;
			buildConfigurationList = 5F74FE2428A962A400F10ED7 /* Build configuration list for PBXNativeTarget "SevenGuis.SwiftUI" */;
			buildPhases = (
				5F74FE1128A962A300F10ED7 /* Sources */,
				5F74FE1228A962A300F10ED7 /* Frameworks */,
				5F74FE1328A962A300F10ED7 /* Resources */,
			);
			buildRules = (
			);
			dependencies = (
			);
			name = SevenGuis.SwiftUI;
			productName = SevenGuis.SwiftUI;
			productReference = 5F74FE1528A962A300F10ED7 /* SevenGuis.SwiftUI.app */;
			productType = "com.apple.product-type.application";
		};
/* End PBXNativeTarget section */

/* Begin PBXProject section */
		5F74FE0D28A962A300F10ED7 /* Project object */ = {
			isa = PBXProject;
			attributes = {
				BuildIndependentTargetsInParallel = 1;
				LastSwiftUpdateCheck = 1340;
				LastUpgradeCheck = 1340;
				TargetAttributes = {
					5F74FE1428A962A300F10ED7 = {
						CreatedOnToolsVersion = 13.4;
					};
				};
			};
			buildConfigurationList = 5F74FE1028A962A300F10ED7 /* Build configuration list for PBXProject "SevenGuis.SwiftUI" */;
			compatibilityVersion = "Xcode 13.0";
			developmentRegion = en;
			hasScannedForEncodings = 0;
			knownRegions = (
				en,
				Base,
			);
			mainGroup = 5F74FE0C28A962A300F10ED7;
			productRefGroup = 5F74FE1628A962A300F10ED7 /* Products */;
			projectDirPath = "";
			projectRoot = "";
			targets = (
				5F74FE1428A962A300F10ED7 /* SevenGuis.SwiftUI */,
			);
		};
/* End PBXProject section */

/* Begin PBXResourcesBuildPhase section */
		5F74FE1328A962A300F10ED7 /* Resources */ = {
			isa = PBXResourcesBuildPhase;
			buildActionMask = 2147483647;
			files = (
				5F74FE2028A962A400F10ED7 /* Preview Assets.xcassets in Resources */,
				5F74FE1D28A962A400F10ED7 /* Assets.xcassets in Resources */,
			);
			runOnlyForDeploymentPostprocessing = 0;
		};
/* End PBXResourcesBuildPhase section */

/* Begin PBXSourcesBuildPhase section */
		5F74FE1128A962A300F10ED7 /* Sources */ = {
			isa = PBXSourcesBuildPhase;
			buildActionMask = 2147483647;
			files = (
				5F74FE1B28A962A300F10ED7 /* ContentView.swift in Sources */,
				5F74FE1928A962A300F10ED7 /* SevenGuis_SwiftUIApp.swift in Sources */,
				5F718D7128B807CB00CA427B /* TemperatureConverterView.swift in Sources */,
				5F718D6F28B806BB00CA427B /* CounterView.swift in Sources */,
			);
			runOnlyForDeploymentPostprocessing = 0;
		};
/* End PBXSourcesBuildPhase section */

/* Begin XCBuildConfiguration section */
		5F74FE2228A962A400F10ED7 /* Debug */ = {
			isa = XCBuildConfiguration;
			buildSettings = {
				ALWAYS_SEARCH_USER_PATHS = NO;
				CLANG_ANALYZER_NONNULL = YES;
				CLANG_ANALYZER_NUMBER_OBJECT_CONVERSION = YES_AGGRESSIVE;
				CLANG_CXX_LANGUAGE_STANDARD = "gnu++17";
				CLANG_ENABLE_MODULES = YES;
				CLANG_ENABLE_OBJC_ARC = YES;
				CLANG_ENABLE_OBJC_WEAK = YES;
				CLANG_WARN_BLOCK_CAPTURE_AUTORELEASING = YES;
				CLANG_WARN_BOOL_CONVERSION = YES;
				CLANG_WARN_COMMA = YES;
				CLANG_WARN_CONSTANT_CONVERSION = YES;
				CLANG_WARN_DEPRECATED_OBJC_IMPLEMENTATIONS = YES;
				CLANG_WARN_DIRECT_OBJC_ISA_USAGE = YES_ERROR;
				CLANG_WARN_DOCUMENTATION_COMMENTS = YES;
				CLANG_WARN_EMPTY_BODY = YES;
				CLANG_WARN_ENUM_CONVERSION = YES;
				CLANG_WARN_INFINITE_RECURSION = YES;
				CLANG_WARN_INT_CONVERSION = YES;
				CLANG_WARN_NON_LITERAL_NULL_CONVERSION = YES;
				CLANG_WARN_OBJC_IMPLICIT_RETAIN_SELF = YES;
				CLANG_WARN_OBJC_LITERAL_CONVERSION = YES;
				CLANG_WARN_OBJC_ROOT_CLASS = YES_ERROR;
				CLANG_WARN_QUOTED_INCLUDE_IN_FRAMEWORK_HEADER = YES;
				CLANG_WARN_RANGE_LOOP_ANALYSIS = YES;
				CLANG_WARN_STRICT_PROTOTYPES = YES;
				CLANG_WARN_SUSPICIOUS_MOVE = YES;
				CLANG_WARN_UNGUARDED_AVAILABILITY = YES_AGGRESSIVE;
				CLANG_WARN_UNREACHABLE_CODE = YES;
				CLANG_WARN__DUPLICATE_METHOD_MATCH = YES;
				COPY_PHASE_STRIP = NO;
				DEBUG_INFORMATION_FORMAT = dwarf;
				ENABLE_STRICT_OBJC_MSGSEND = YES;
				ENABLE_TESTABILITY = YES;
				GCC_C_LANGUAGE_STANDARD = gnu11;
				GCC_DYNAMIC_NO_PIC = NO;
				GCC_NO_COMMON_BLOCKS = YES;
				GCC_OPTIMIZATION_LEVEL = 0;
				GCC_PREPROCESSOR_DEFINITIONS = (
					"DEBUG=1",
					"$(inherited)",
				);
				GCC_WARN_64_TO_32_BIT_CONVERSION = YES;
				GCC_WARN_ABOUT_RETURN_TYPE = YES_ERROR;
				GCC_WARN_UNDECLARED_SELECTOR = YES;
				GCC_WARN_UNINITIALIZED_AUTOS = YES_AGGRESSIVE;
				GCC_WARN_UNUSED_FUNCTION = YES;
				GCC_WARN_UNUSED_VARIABLE = YES;
				MACOSX_DEPLOYMENT_TARGET = 12.3;
				MTL_ENABLE_DEBUG_INFO = INCLUDE_SOURCE;
				MTL_FAST_MATH = YES;
				ONLY_ACTIVE_ARCH = YES;
				SDKROOT = macosx;
				SWIFT_ACTIVE_COMPILATION_CONDITIONS = DEBUG;
				SWIFT_OPTIMIZATION_LEVEL = "-Onone";
			};
			name = Debug;
		};
		5F74FE2328A962A400F10ED7 /* Release */ = {
			isa = XCBuildConfiguration;
			buildSettings = {
				ALWAYS_SEARCH_USER_PATHS = NO;
				CLANG_ANALYZER_NONNULL = YES;
				CLANG_ANALYZER_NUMBER_OBJECT_CONVERSION = YES_AGGRESSIVE;
				CLANG_CXX_LANGUAGE_STANDARD = "gnu++17";
				CLANG_ENABLE_MODULES = YES;
				CLANG_ENABLE_OBJC_ARC = YES;
				CLANG_ENABLE_OBJC_WEAK = YES;
				CLANG_WARN_BLOCK_CAPTURE_AUTORELEASING = YES;
				CLANG_WARN_BOOL_CONVERSION = YES;
				CLANG_WARN_COMMA = YES;
				CLANG_WARN_CONSTANT_CONVERSION = YES;
				CLANG_WARN_DEPRECATED_OBJC_IMPLEMENTATIONS = YES;
				CLANG_WARN_DIRECT_OBJC_ISA_USAGE = YES_ERROR;
				CLANG_WARN_DOCUMENTATION_COMMENTS = YES;
				CLANG_WARN_EMPTY_BODY = YES;
				CLANG_WARN_ENUM_CONVERSION = YES;
				CLANG_WARN_INFINITE_RECURSION = YES;
				CLANG_WARN_INT_CONVERSION = YES;
				CLANG_WARN_NON_LITERAL_NULL_CONVERSION = YES;
				CLANG_WARN_OBJC_IMPLICIT_RETAIN_SELF = YES;
				CLANG_WARN_OBJC_LITERAL_CONVERSION = YES;
				CLANG_WARN_OBJC_ROOT_CLASS = YES_ERROR;
				CLANG_WARN_QUOTED_INCLUDE_IN_FRAMEWORK_HEADER = YES;
				CLANG_WARN_RANGE_LOOP_ANALYSIS = YES;
				CLANG_WARN_STRICT_PROTOTYPES = YES;
				CLANG_WARN_SUSPICIOUS_MOVE = YES;
				CLANG_WARN_UNGUARDED_AVAILABILITY = YES_AGGRESSIVE;
				CLANG_WARN_UNREACHABLE_CODE = YES;
				CLANG_WARN__DUPLICATE_METHOD_MATCH = YES;
				COPY_PHASE_STRIP = NO;
				DEBUG_INFORMATION_FORMAT = "dwarf-with-dsym";
				ENABLE_NS_ASSERTIONS = NO;
				ENABLE_STRICT_OBJC_MSGSEND = YES;
				GCC_C_LANGUAGE_STANDARD = gnu11;
				GCC_NO_COMMON_BLOCKS = YES;
				GCC_WARN_64_TO_32_BIT_CONVERSION = YES;
				GCC_WARN_ABOUT_RETURN_TYPE = YES_ERROR;
				GCC_WARN_UNDECLARED_SELECTOR = YES;
				GCC_WARN_UNINITIALIZED_AUTOS = YES_AGGRESSIVE;
				GCC_WARN_UNUSED_FUNCTION = YES;
				GCC_WARN_UNUSED_VARIABLE = YES;
				MACOSX_DEPLOYMENT_TARGET = 12.3;
				MTL_ENABLE_DEBUG_INFO = NO;
				MTL_FAST_MATH = YES;
				SDKROOT = macosx;
				SWIFT_COMPILATION_MODE = wholemodule;
				SWIFT_OPTIMIZATION_LEVEL = "-O";
			};
			name = Release;
		};
		5F74FE2528A962A400F10ED7 /* Debug */ = {
			isa = XCBuildConfiguration;
			buildSettings = {
				ASSETCATALOG_COMPILER_APPICON_NAME = AppIcon;
				ASSETCATALOG_COMPILER_GLOBAL_ACCENT_COLOR_NAME = AccentColor;
				CODE_SIGN_ENTITLEMENTS = SevenGuis.SwiftUI/SevenGuis_SwiftUI.entitlements;
				CODE_SIGN_STYLE = Automatic;
				COMBINE_HIDPI_IMAGES = YES;
				CURRENT_PROJECT_VERSION = 1;
				DEVELOPMENT_ASSET_PATHS = "\"SevenGuis.SwiftUI/Preview Content\"";
				DEVELOPMENT_TEAM = JCPU77PBZS;
				ENABLE_HARDENED_RUNTIME = YES;
				ENABLE_PREVIEWS = YES;
				GENERATE_INFOPLIST_FILE = YES;
				INFOPLIST_KEY_NSHumanReadableCopyright = "";
				LD_RUNPATH_SEARCH_PATHS = (
					"$(inherited)",
					"@executable_path/../Frameworks",
				);
				MARKETING_VERSION = 1.0;
				PRODUCT_BUNDLE_IDENTIFIER = "me.chucker.SevenGuis-SwiftUI";
				PRODUCT_NAME = "$(TARGET_NAME)";
				SWIFT_EMIT_LOC_STRINGS = YES;
				SWIFT_VERSION = 5.0;
			};
			name = Debug;
		};
		5F74FE2628A962A400F10ED7 /* Release */ = {
			isa = XCBuildConfiguration;
			buildSettings = {
				ASSETCATALOG_COMPILER_APPICON_NAME = AppIcon;
				ASSETCATALOG_COMPILER_GLOBAL_ACCENT_COLOR_NAME = AccentColor;
				CODE_SIGN_ENTITLEMENTS = SevenGuis.SwiftUI/SevenGuis_SwiftUI.entitlements;
				CODE_SIGN_STYLE = Automatic;
				COMBINE_HIDPI_IMAGES = YES;
				CURRENT_PROJECT_VERSION = 1;
				DEVELOPMENT_ASSET_PATHS = "\"SevenGuis.SwiftUI/Preview Content\"";
				DEVELOPMENT_TEAM = JCPU77PBZS;
				ENABLE_HARDENED_RUNTIME = YES;
				ENABLE_PREVIEWS = YES;
				GENERATE_INFOPLIST_FILE = YES;
				INFOPLIST_KEY_NSHumanReadableCopyright = "";
				LD_RUNPATH_SEARCH_PATHS = (
					"$(inherited)",
					"@executable_path/../Frameworks",
				);
				MARKETING_VERSION = 1.0;
				PRODUCT_BUNDLE_IDENTIFIER = "me.chucker.SevenGuis-SwiftUI";
				PRODUCT_NAME = "$(TARGET_NAME)";
				SWIFT_EMIT_LOC_STRINGS = YES;
				SWIFT_VERSION = 5.0;
			};
			name = Release;
		};
/* End XCBuildConfiguration section */

/* Begin XCConfigurationList section */
		5F74FE1028A962A300F10ED7 /* Build configuration list for PBXProject "SevenGuis.SwiftUI" */ = {
			isa = XCConfigurationList;
			buildConfigurations = (
				5F74FE2228A962A400F10ED7 /* Debug */,
				5F74FE2328A962A400F10ED7 /* Release */,
			);
			defaultConfigurationIsVisible = 0;
			defaultConfigurationName = Release;
		};
		5F74FE2428A962A400F10ED7 /* Build configuration list for PBXNativeTarget "SevenGuis.SwiftUI" */ = {
			isa = XCConfigurationList;
			buildConfigurations = (
				5F74FE2528A962A400F10ED7 /* Debug */,
				5F74FE2628A962A400F10ED7 /* Release */,
			);
			defaultConfigurationIsVisible = 0;
			defaultConfigurationName = Release;
		};
/* End XCConfigurationList section */
	};
	rootObject = 5F74FE0D28A962A300F10ED7 /* Project object */;
}
